
Microsoft Visual Studio Solution File, Format Version 12.00
# Visual Studio Version 17
VisualStudioVersion = 17.13.35828.75 d17.13
MinimumVisualStudioVersion = 10.0.40219.1
Project("{FAE04EC0-301F-11D3-BF4B-00C04F79EFBC}") = "UdvChat", "UdvChat\UdvChat.csproj", "{D12FBC5F-7CD8-4813-A868-5F3F84656E74}"
EndProject
Global
	GlobalSection(SolutionConfigurationPlatforms) = preSolution
		Debug|Any CPU = Debug|Any CPU
		Release|Any CPU = Release|Any CPU
	EndGlobalSection
	GlobalSection(ProjectConfigurationPlatforms) = postSolution
		{D12FBC5F-7CD8-4813-A868-5F3F84656E74}.Debug|Any CPU.ActiveCfg = Debug|Any CPU
		{D12FBC5F-7CD8-4813-A868-5F3F84656E74}.Debug|Any CPU.Build.0 = Debug|Any CPU
		{D12FBC5F-7CD8-4813-A868-5F3F84656E74}.Release|Any CPU.ActiveCfg = Release|Any CPU
		{D12FBC5F-7CD8-4813-A868-5F3F84656E74}.Release|Any CPU.Build.0 = Release|Any CPU
	EndGlobalSection
	GlobalSection(SolutionProperties) = preSolution
		HideSolutionNode = FALSE
	EndGlobalSection
	GlobalSection(ExtensibilityGlobals) = postSolution
		SolutionGuid = {2AA11260-9143-4C8C-882E-9F300D64C904}
	EndGlobalSection
EndGlobal
